
Microsoft Visual Studio Solution File, Format Version 12.00
# Visual Studio Version 17
VisualStudioVersion = 17.7.34024.191
MinimumVisualStudioVersion = 10.0.40219.1
Project("{9A19103F-16F7-4668-BE54-9A1E7A4F7556}") = "Calculator", "Calculator\Calculator.csproj", "{31AE4ED6-2E2A-4720-9701-5C522C578B1E}"
EndProject
Project("{FAE04EC0-301F-11D3-BF4B-00C04F79EFBC}") = "Dice Game", "Dice Game\Dice Game.csproj", "{7E6CF491-A282-4D96-B157-6BFF60F8FB43}"
EndProject
Global
	GlobalSection(SolutionConfigurationPlatforms) = preSolution
		Debug|Any CPU = Debug|Any CPU
		Release|Any CPU = Release|Any CPU
	EndGlobalSection
	GlobalSection(ProjectConfigurationPlatforms) = postSolution
		{31AE4ED6-2E2A-4720-9701-5C522C578B1E}.Debug|Any CPU.ActiveCfg = Debug|Any CPU
		{31AE4ED6-2E2A-4720-9701-5C522C578B1E}.Debug|Any CPU.Build.0 = Debug|Any CPU
		{31AE4ED6-2E2A-4720-9701-5C522C578B1E}.Release|Any CPU.ActiveCfg = Release|Any CPU
		{31AE4ED6-2E2A-4720-9701-5C522C578B1E}.Release|Any CPU.Build.0 = Release|Any CPU
		{7E6CF491-A282-4D96-B157-6BFF60F8FB43}.Debug|Any CPU.ActiveCfg = Debug|Any CPU
		{7E6CF491-A282-4D96-B157-6BFF60F8FB43}.Debug|Any CPU.Build.0 = Debug|Any CPU
		{7E6CF491-A282-4D96-B157-6BFF60F8FB43}.Release|Any CPU.ActiveCfg = Release|Any CPU
		{7E6CF491-A282-4D96-B157-6BFF60F8FB43}.Release|Any CPU.Build.0 = Release|Any CPU
	EndGlobalSection
	GlobalSection(SolutionProperties) = preSolution
		HideSolutionNode = FALSE
	EndGlobalSection
	GlobalSection(ExtensibilityGlobals) = postSolution
		SolutionGuid = {1159797E-926C-4D59-80E5-3E6C30C57C52}
	EndGlobalSection
EndGlobal
